
Microsoft Visual Studio Solution File, Format Version 12.00
# Visual Studio 15
VisualStudioVersion = 15.0.28307.329
MinimumVisualStudioVersion = 10.0.40219.1
Project("{9A19103F-16F7-4668-BE54-9A1E7A4F7556}") = "PK.OrchardCore.Website", "src\PK.OrchardCore.Website\PK.OrchardCore.Website.csproj", "{50E7B748-E2F1-428F-9EDD-70B968B86D02}"
EndProject
Global
	GlobalSection(SolutionConfigurationPlatforms) = preSolution
		Debug|Any CPU = Debug|Any CPU
		Release|Any CPU = Release|Any CPU
	EndGlobalSection
	GlobalSection(ProjectConfigurationPlatforms) = postSolution
		{50E7B748-E2F1-428F-9EDD-70B968B86D02}.Debug|Any CPU.ActiveCfg = Debug|Any CPU
		{50E7B748-E2F1-428F-9EDD-70B968B86D02}.Debug|Any CPU.Build.0 = Debug|Any CPU
		{50E7B748-E2F1-428F-9EDD-70B968B86D02}.Release|Any CPU.ActiveCfg = Release|Any CPU
		{50E7B748-E2F1-428F-9EDD-70B968B86D02}.Release|Any CPU.Build.0 = Release|Any CPU
	EndGlobalSection
	GlobalSection(SolutionProperties) = preSolution
		HideSolutionNode = FALSE
	EndGlobalSection
	GlobalSection(ExtensibilityGlobals) = postSolution
		SolutionGuid = {933E4B6C-1143-47F8-8B49-BB56ACA8B495}
	EndGlobalSection
EndGlobal
